
Microsoft Visual Studio Solution File, Format Version 12.00
# Visual Studio Version 16
VisualStudioVersion = 16.0.31026.100
MinimumVisualStudioVersion = 10.0.40219.1
Project("{FAE04EC0-301F-11D3-BF4B-00C04F79EFBC}") = "MusalaFrameWork", "MusalaFrameWork.csproj", "{C5A945BC-AA50-4A0B-A36D-946E7B1E3DD2}"
EndProject
Global
	GlobalSection(SolutionConfigurationPlatforms) = preSolution
		Debug|Any CPU = Debug|Any CPU
		Debug|x64 = Debug|x64
		Debug|x86 = Debug|x86
		Release|Any CPU = Release|Any CPU
		Release|x64 = Release|x64
		Release|x86 = Release|x86
	EndGlobalSection
	GlobalSection(ProjectConfigurationPlatforms) = postSolution
		{C5A945BC-AA50-4A0B-A36D-946E7B1E3DD2}.Debug|Any CPU.ActiveCfg = Debug|Any CPU
		{C5A945BC-AA50-4A0B-A36D-946E7B1E3DD2}.Debug|Any CPU.Build.0 = Debug|Any CPU
		{C5A945BC-AA50-4A0B-A36D-946E7B1E3DD2}.Debug|x64.ActiveCfg = Debug|x64
		{C5A945BC-AA50-4A0B-A36D-946E7B1E3DD2}.Debug|x64.Build.0 = Debug|x64
		{C5A945BC-AA50-4A0B-A36D-946E7B1E3DD2}.Debug|x86.ActiveCfg = Debug|x86
		{C5A945BC-AA50-4A0B-A36D-946E7B1E3DD2}.Debug|x86.Build.0 = Debug|x86
		{C5A945BC-AA50-4A0B-A36D-946E7B1E3DD2}.Release|Any CPU.ActiveCfg = Release|Any CPU
		{C5A945BC-AA50-4A0B-A36D-946E7B1E3DD2}.Release|Any CPU.Build.0 = Release|Any CPU
		{C5A945BC-AA50-4A0B-A36D-946E7B1E3DD2}.Release|x64.ActiveCfg = Release|x64
		{C5A945BC-AA50-4A0B-A36D-946E7B1E3DD2}.Release|x64.Build.0 = Release|x64
		{C5A945BC-AA50-4A0B-A36D-946E7B1E3DD2}.Release|x86.ActiveCfg = Debug|x86
		{C5A945BC-AA50-4A0B-A36D-946E7B1E3DD2}.Release|x86.Build.0 = Debug|x86
	EndGlobalSection
	GlobalSection(SolutionProperties) = preSolution
		HideSolutionNode = FALSE
	EndGlobalSection
	GlobalSection(ExtensibilityGlobals) = postSolution
		SolutionGuid = {61F5B549-2FCF-4DC7-B278-F47DF0EC19ED}
	EndGlobalSection
EndGlobal
